
Microsoft Visual Studio Solution File, Format Version 12.00
# Visual Studio Version 17
VisualStudioVersion = 17.14.36511.14 d17.14
MinimumVisualStudioVersion = 10.0.40219.1
Project("{FAE04EC0-301F-11D3-BF4B-00C04F79EFBC}") = "ClassLibrary1", "ClassLibrary1\ClassLibrary1.csproj", "{DF9E2124-E3F3-494A-8A0A-EB961E2A5983}"
EndProject
Global
	GlobalSection(SolutionConfigurationPlatforms) = preSolution
		Debug|Any CPU = Debug|Any CPU
		Release|Any CPU = Release|Any CPU
	EndGlobalSection
	GlobalSection(ProjectConfigurationPlatforms) = postSolution
		{DF9E2124-E3F3-494A-8A0A-EB961E2A5983}.Debug|Any CPU.ActiveCfg = Debug|Any CPU
		{DF9E2124-E3F3-494A-8A0A-EB961E2A5983}.Debug|Any CPU.Build.0 = Debug|Any CPU
		{DF9E2124-E3F3-494A-8A0A-EB961E2A5983}.Release|Any CPU.ActiveCfg = Release|Any CPU
		{DF9E2124-E3F3-494A-8A0A-EB961E2A5983}.Release|Any CPU.Build.0 = Release|Any CPU
	EndGlobalSection
	GlobalSection(SolutionProperties) = preSolution
		HideSolutionNode = FALSE
	EndGlobalSection
	GlobalSection(ExtensibilityGlobals) = postSolution
		SolutionGuid = {2EF40244-7198-40B0-81AD-3871554C5488}
	EndGlobalSection
EndGlobal
