
Microsoft Visual Studio Solution File, Format Version 12.00
# Visual Studio Version 17
VisualStudioVersion = 17.14.36511.14 d17.14
MinimumVisualStudioVersion = 10.0.40219.1
Project("{FAE04EC0-301F-11D3-BF4B-00C04F79EFBC}") = "WinFormsApp1", "WinFormsApp1\WinFormsApp1.csproj", "{97FC926D-8DDB-48B0-9668-791A29BD02DD}"
EndProject
Global
	GlobalSection(SolutionConfigurationPlatforms) = preSolution
		Debug|Any CPU = Debug|Any CPU
		Release|Any CPU = Release|Any CPU
	EndGlobalSection
	GlobalSection(ProjectConfigurationPlatforms) = postSolution
		{97FC926D-8DDB-48B0-9668-791A29BD02DD}.Debug|Any CPU.ActiveCfg = Debug|Any CPU
		{97FC926D-8DDB-48B0-9668-791A29BD02DD}.Debug|Any CPU.Build.0 = Debug|Any CPU
		{97FC926D-8DDB-48B0-9668-791A29BD02DD}.Release|Any CPU.ActiveCfg = Release|Any CPU
		{97FC926D-8DDB-48B0-9668-791A29BD02DD}.Release|Any CPU.Build.0 = Release|Any CPU
	EndGlobalSection
	GlobalSection(SolutionProperties) = preSolution
		HideSolutionNode = FALSE
	EndGlobalSection
	GlobalSection(ExtensibilityGlobals) = postSolution
		SolutionGuid = {3CB117E0-22A5-4315-9114-999A828FAFA8}
	EndGlobalSection
EndGlobal
